
Microsoft Visual Studio Solution File, Format Version 12.00
# Visual Studio Version 16
VisualStudioVersion = 16.0.29613.14
MinimumVisualStudioVersion = 10.0.40219.1
Project("{9A19103F-16F7-4668-BE54-9A1E7A4F7556}") = "TX11Business", "TX11Business\TX11Business.csproj", "{6D338171-B44E-44B5-854C-F4A5B5AE7E6B}"
EndProject
Project("{9A19103F-16F7-4668-BE54-9A1E7A4F7556}") = "TX11Ressources", "TX11Ressources\TX11Ressources.csproj", "{8F4646CE-DC82-41FB-B18F-E7B393CC4221}"
EndProject
Project("{FAE04EC0-301F-11D3-BF4B-00C04F79EFBC}") = "TX11Frontend.UWP", "TX11Frontend\TX11Frontend.UWP\TX11Frontend.UWP.csproj", "{24C5CA4F-FD64-4F9A-9FE9-FF7530E22AEA}"
EndProject
Project("{FAE04EC0-301F-11D3-BF4B-00C04F79EFBC}") = "TX11Frontend.Android", "TX11Frontend\TX11Frontend.Android\TX11Frontend.Android.csproj", "{CB5D467F-9A4F-462E-BFC8-CE18D7076BDF}"
EndProject
Project("{FAE04EC0-301F-11D3-BF4B-00C04F79EFBC}") = "TX11Frontend.iOS", "TX11Frontend\TX11Frontend.iOS\TX11Frontend.iOS.csproj", "{5822ED24-503A-417E-97B1-36FE57C46869}"
EndProject
Project("{9A19103F-16F7-4668-BE54-9A1E7A4F7556}") = "TX11Frontend", "TX11Frontend\TX11Frontend\TX11Frontend.csproj", "{944274E3-EB6C-4D3A-B779-4F2EFE0B3350}"
EndProject
Project("{9A19103F-16F7-4668-BE54-9A1E7A4F7556}") = "TX11Shared", "TX11Shared\TX11Shared.csproj", "{A49ECB54-A3EC-4799-AE83-CB7FEC2A49FE}"
EndProject
Project("{FAE04EC0-301F-11D3-BF4B-00C04F79EFBC}") = "TX11Frontend.WPF", "TX11Frontend\TX11Frontend.WPF\TX11Frontend.WPF.csproj", "{56605DBF-92BB-452C-8846-A2ACF2541E67}"
EndProject
Project("{2150E333-8FDC-42A3-9474-1A3956D46DE8}") = "Solution Items", "Solution Items", "{A7B8E014-08A8-4B12-ABE9-3227706F8D23}"
	ProjectSection(SolutionItems) = preProject
		.editorconfig = .editorconfig
	EndProjectSection
EndProject
Project("{9A19103F-16F7-4668-BE54-9A1E7A4F7556}") = "TX11FrontendTests", "TX11FrontendTests\TX11FrontendTests.csproj", "{E1DE93E6-C4B4-44D0-87DE-B10E9F5930EC}"
EndProject
Global
	GlobalSection(SolutionConfigurationPlatforms) = preSolution
		Debug|Any CPU = Debug|Any CPU
		Debug|ARM = Debug|ARM
		Debug|iPhone = Debug|iPhone
		Debug|iPhoneSimulator = Debug|iPhoneSimulator
		Debug|x64 = Debug|x64
		Debug|x86 = Debug|x86
		Release|Any CPU = Release|Any CPU
		Release|ARM = Release|ARM
		Release|iPhone = Release|iPhone
		Release|iPhoneSimulator = Release|iPhoneSimulator
		Release|x64 = Release|x64
		Release|x86 = Release|x86
	EndGlobalSection
	GlobalSection(ProjectConfigurationPlatforms) = postSolution
		{6D338171-B44E-44B5-854C-F4A5B5AE7E6B}.Debug|Any CPU.ActiveCfg = Debug|Any CPU
		{6D338171-B44E-44B5-854C-F4A5B5AE7E6B}.Debug|Any CPU.Build.0 = Debug|Any CPU
		{6D338171-B44E-44B5-854C-F4A5B5AE7E6B}.Debug|ARM.ActiveCfg = Debug|Any CPU
		{6D338171-B44E-44B5-854C-F4A5B5AE7E6B}.Debug|ARM.Build.0 = Debug|Any CPU
		{6D338171-B44E-44B5-854C-F4A5B5AE7E6B}.Debug|iPhone.ActiveCfg = Debug|Any CPU
		{6D338171-B44E-44B5-854C-F4A5B5AE7E6B}.Debug|iPhone.Build.0 = Debug|Any CPU
		{6D338171-B44E-44B5-854C-F4A5B5AE7E6B}.Debug|iPhoneSimulator.ActiveCfg = Debug|Any CPU
		{6D338171-B44E-44B5-854C-F4A5B5AE7E6B}.Debug|iPhoneSimulator.Build.0 = Debug|Any CPU
		{6D338171-B44E-44B5-854C-F4A5B5AE7E6B}.Debug|x64.ActiveCfg = Debug|Any CPU
		{6D338171-B44E-44B5-854C-F4A5B5AE7E6B}.Debug|x64.Build.0 = Debug|Any CPU
		{6D338171-B44E-44B5-854C-F4A5B5AE7E6B}.Debug|x86.ActiveCfg = Debug|Any CPU
		{6D338171-B44E-44B5-854C-F4A5B5AE7E6B}.Debug|x86.Build.0 = Debug|Any CPU
		{6D338171-B44E-44B5-854C-F4A5B5AE7E6B}.Release|Any CPU.ActiveCfg = Release|Any CPU
		{6D338171-B44E-44B5-854C-F4A5B5AE7E6B}.Release|Any CPU.Build.0 = Release|Any CPU
		{6D338171-B44E-44B5-854C-F4A5B5AE7E6B}.Release|ARM.ActiveCfg = Release|Any CPU
		{6D338171-B44E-44B5-854C-F4A5B5AE7E6B}.Release|ARM.Build.0 = Release|Any CPU
		{6D338171-B44E-44B5-854C-F4A5B5AE7E6B}.Release|iPhone.ActiveCfg = Release|Any CPU
		{6D338171-B44E-44B5-854C-F4A5B5AE7E6B}.Release|iPhone.Build.0 = Release|Any CPU
		{6D338171-B44E-44B5-854C-F4A5B5AE7E6B}.Release|iPhoneSimulator.ActiveCfg = Release|Any CPU
		{6D338171-B44E-44B5-854C-F4A5B5AE7E6B}.Release|iPhoneSimulator.Build.0 = Release|Any CPU
		{6D338171-B44E-44B5-854C-F4A5B5AE7E6B}.Release|x64.ActiveCfg = Release|Any CPU
		{6D338171-B44E-44B5-854C-F4A5B5AE7E6B}.Release|x64.Build.0 = Release|Any CPU
		{6D338171-B44E-44B5-854C-F4A5B5AE7E6B}.Release|x86.ActiveCfg = Release|Any CPU
		{6D338171-B44E-44B5-854C-F4A5B5AE7E6B}.Release|x86.Build.0 = Release|Any CPU
		{8F4646CE-DC82-41FB-B18F-E7B393CC4221}.Debug|Any CPU.ActiveCfg = Debug|Any CPU
		{8F4646CE-DC82-41FB-B18F-E7B393CC4221}.Debug|Any CPU.Build.0 = Debug|Any CPU
		{8F4646CE-DC82-41FB-B18F-E7B393CC4221}.Debug|ARM.ActiveCfg = Debug|Any CPU
		{8F4646CE-DC82-41FB-B18F-E7B393CC4221}.Debug|ARM.Build.0 = Debug|Any CPU
		{8F4646CE-DC82-41FB-B18F-E7B393CC4221}.Debug|iPhone.ActiveCfg = Debug|Any CPU
		{8F4646CE-DC82-41FB-B18F-E7B393CC4221}.Debug|iPhone.Build.0 = Debug|Any CPU
		{8F4646CE-DC82-41FB-B18F-E7B393CC4221}.Debug|iPhoneSimulator.ActiveCfg = Debug|Any CPU
		{8F4646CE-DC82-41FB-B18F-E7B393CC4221}.Debug|iPhoneSimulator.Build.0 = Debug|Any CPU
		{8F4646CE-DC82-41FB-B18F-E7B393CC4221}.Debug|x64.ActiveCfg = Debug|Any CPU
		{8F4646CE-DC82-41FB-B18F-E7B393CC4221}.Debug|x64.Build.0 = Debug|Any CPU
		{8F4646CE-DC82-41FB-B18F-E7B393CC4221}.Debug|x86.ActiveCfg = Debug|Any CPU
		{8F4646CE-DC82-41FB-B18F-E7B393CC4221}.Debug|x86.Build.0 = Debug|Any CPU
		{8F4646CE-DC82-41FB-B18F-E7B393CC4221}.Release|Any CPU.ActiveCfg = Release|Any CPU
		{8F4646CE-DC82-41FB-B18F-E7B393CC4221}.Release|Any CPU.Build.0 = Release|Any CPU
		{8F4646CE-DC82-41FB-B18F-E7B393CC4221}.Release|ARM.ActiveCfg = Release|Any CPU
		{8F4646CE-DC82-41FB-B18F-E7B393CC4221}.Release|ARM.Build.0 = Release|Any CPU
		{8F4646CE-DC82-41FB-B18F-E7B393CC4221}.Release|iPhone.ActiveCfg = Release|Any CPU
		{8F4646CE-DC82-41FB-B18F-E7B393CC4221}.Release|iPhone.Build.0 = Release|Any CPU
		{8F4646CE-DC82-41FB-B18F-E7B393CC4221}.Release|iPhoneSimulator.ActiveCfg = Release|Any CPU
		{8F4646CE-DC82-41FB-B18F-E7B393CC4221}.Release|iPhoneSimulator.Build.0 = Release|Any CPU
		{8F4646CE-DC82-41FB-B18F-E7B393CC4221}.Release|x64.ActiveCfg = Release|Any CPU
		{8F4646CE-DC82-41FB-B18F-E7B393CC4221}.Release|x64.Build.0 = Release|Any CPU
		{8F4646CE-DC82-41FB-B18F-E7B393CC4221}.Release|x86.ActiveCfg = Release|Any CPU
		{8F4646CE-DC82-41FB-B18F-E7B393CC4221}.Release|x86.Build.0 = Release|Any CPU
		{24C5CA4F-FD64-4F9A-9FE9-FF7530E22AEA}.Debug|Any CPU.ActiveCfg = Debug|x86
		{24C5CA4F-FD64-4F9A-9FE9-FF7530E22AEA}.Debug|ARM.ActiveCfg = Debug|ARM
		{24C5CA4F-FD64-4F9A-9FE9-FF7530E22AEA}.Debug|ARM.Build.0 = Debug|ARM
		{24C5CA4F-FD64-4F9A-9FE9-FF7530E22AEA}.Debug|ARM.Deploy.0 = Debug|ARM
		{24C5CA4F-FD64-4F9A-9FE9-FF7530E22AEA}.Debug|iPhone.ActiveCfg = Debug|x86
		{24C5CA4F-FD64-4F9A-9FE9-FF7530E22AEA}.Debug|iPhoneSimulator.ActiveCfg = Debug|x86
		{24C5CA4F-FD64-4F9A-9FE9-FF7530E22AEA}.Debug|x64.ActiveCfg = Debug|x64
		{24C5CA4F-FD64-4F9A-9FE9-FF7530E22AEA}.Debug|x64.Build.0 = Debug|x64
		{24C5CA4F-FD64-4F9A-9FE9-FF7530E22AEA}.Debug|x64.Deploy.0 = Debug|x64
		{24C5CA4F-FD64-4F9A-9FE9-FF7530E22AEA}.Debug|x86.ActiveCfg = Debug|x86
		{24C5CA4F-FD64-4F9A-9FE9-FF7530E22AEA}.Debug|x86.Build.0 = Debug|x86
		{24C5CA4F-FD64-4F9A-9FE9-FF7530E22AEA}.Debug|x86.Deploy.0 = Debug|x86
		{24C5CA4F-FD64-4F9A-9FE9-FF7530E22AEA}.Release|Any CPU.ActiveCfg = Release|x86
		{24C5CA4F-FD64-4F9A-9FE9-FF7530E22AEA}.Release|ARM.ActiveCfg = Release|ARM
		{24C5CA4F-FD64-4F9A-9FE9-FF7530E22AEA}.Release|ARM.Build.0 = Release|ARM
		{24C5CA4F-FD64-4F9A-9FE9-FF7530E22AEA}.Release|ARM.Deploy.0 = Release|ARM
		{24C5CA4F-FD64-4F9A-9FE9-FF7530E22AEA}.Release|iPhone.ActiveCfg = Release|x86
		{24C5CA4F-FD64-4F9A-9FE9-FF7530E22AEA}.Release|iPhoneSimulator.ActiveCfg = Release|x86
		{24C5CA4F-FD64-4F9A-9FE9-FF7530E22AEA}.Release|x64.ActiveCfg = Release|x64
		{24C5CA4F-FD64-4F9A-9FE9-FF7530E22AEA}.Release|x64.Build.0 = Release|x64
		{24C5CA4F-FD64-4F9A-9FE9-FF7530E22AEA}.Release|x64.Deploy.0 = Release|x64
		{24C5CA4F-FD64-4F9A-9FE9-FF7530E22AEA}.Release|x86.ActiveCfg = Release|x86
		{24C5CA4F-FD64-4F9A-9FE9-FF7530E22AEA}.Release|x86.Build.0 = Release|x86
		{24C5CA4F-FD64-4F9A-9FE9-FF7530E22AEA}.Release|x86.Deploy.0 = Release|x86
		{CB5D467F-9A4F-462E-BFC8-CE18D7076BDF}.Debug|Any CPU.ActiveCfg = Debug|Any CPU
		{CB5D467F-9A4F-462E-BFC8-CE18D7076BDF}.Debug|Any CPU.Build.0 = Debug|Any CPU
		{CB5D467F-9A4F-462E-BFC8-CE18D7076BDF}.Debug|Any CPU.Deploy.0 = Debug|Any CPU
		{CB5D467F-9A4F-462E-BFC8-CE18D7076BDF}.Debug|ARM.ActiveCfg = Debug|Any CPU
		{CB5D467F-9A4F-462E-BFC8-CE18D7076BDF}.Debug|ARM.Build.0 = Debug|Any CPU
		{CB5D467F-9A4F-462E-BFC8-CE18D7076BDF}.Debug|ARM.Deploy.0 = Debug|Any CPU
		{CB5D467F-9A4F-462E-BFC8-CE18D7076BDF}.Debug|iPhone.ActiveCfg = Debug|Any CPU
		{CB5D467F-9A4F-462E-BFC8-CE18D7076BDF}.Debug|iPhone.Build.0 = Debug|Any CPU
		{CB5D467F-9A4F-462E-BFC8-CE18D7076BDF}.Debug|iPhone.Deploy.0 = Debug|Any CPU
		{CB5D467F-9A4F-462E-BFC8-CE18D7076BDF}.Debug|iPhoneSimulator.ActiveCfg = Debug|Any CPU
		{CB5D467F-9A4F-462E-BFC8-CE18D7076BDF}.Debug|iPhoneSimulator.Build.0 = Debug|Any CPU
		{CB5D467F-9A4F-462E-BFC8-CE18D7076BDF}.Debug|iPhoneSimulator.Deploy.0 = Debug|Any CPU
		{CB5D467F-9A4F-462E-BFC8-CE18D7076BDF}.Debug|x64.ActiveCfg = Debug|Any CPU
		{CB5D467F-9A4F-462E-BFC8-CE18D7076BDF}.Debug|x64.Build.0 = Debug|Any CPU
		{CB5D467F-9A4F-462E-BFC8-CE18D7076BDF}.Debug|x64.Deploy.0 = Debug|Any CPU
		{CB5D467F-9A4F-462E-BFC8-CE18D7076BDF}.Debug|x86.ActiveCfg = Debug|Any CPU
		{CB5D467F-9A4F-462E-BFC8-CE18D7076BDF}.Debug|x86.Build.0 = Debug|Any CPU
		{CB5D467F-9A4F-462E-BFC8-CE18D7076BDF}.Debug|x86.Deploy.0 = Debug|Any CPU
		{CB5D467F-9A4F-462E-BFC8-CE18D7076BDF}.Release|Any CPU.ActiveCfg = Release|Any CPU
		{CB5D467F-9A4F-462E-BFC8-CE18D7076BDF}.Release|Any CPU.Build.0 = Release|Any CPU
		{CB5D467F-9A4F-462E-BFC8-CE18D7076BDF}.Release|Any CPU.Deploy.0 = Release|Any CPU
		{CB5D467F-9A4F-462E-BFC8-CE18D7076BDF}.Release|ARM.ActiveCfg = Release|Any CPU
		{CB5D467F-9A4F-462E-BFC8-CE18D7076BDF}.Release|ARM.Build.0 = Release|Any CPU
		{CB5D467F-9A4F-462E-BFC8-CE18D7076BDF}.Release|ARM.Deploy.0 = Release|Any CPU
		{CB5D467F-9A4F-462E-BFC8-CE18D7076BDF}.Release|iPhone.ActiveCfg = Release|Any CPU
		{CB5D467F-9A4F-462E-BFC8-CE18D7076BDF}.Release|iPhone.Build.0 = Release|Any CPU
		{CB5D467F-9A4F-462E-BFC8-CE18D7076BDF}.Release|iPhone.Deploy.0 = Release|Any CPU
		{CB5D467F-9A4F-462E-BFC8-CE18D7076BDF}.Release|iPhoneSimulator.ActiveCfg = Release|Any CPU
		{CB5D467F-9A4F-462E-BFC8-CE18D7076BDF}.Release|iPhoneSimulator.Build.0 = Release|Any CPU
		{CB5D467F-9A4F-462E-BFC8-CE18D7076BDF}.Release|iPhoneSimulator.Deploy.0 = Release|Any CPU
		{CB5D467F-9A4F-462E-BFC8-CE18D7076BDF}.Release|x64.ActiveCfg = Release|Any CPU
		{CB5D467F-9A4F-462E-BFC8-CE18D7076BDF}.Release|x64.Build.0 = Release|Any CPU
		{CB5D467F-9A4F-462E-BFC8-CE18D7076BDF}.Release|x64.Deploy.0 = Release|Any CPU
		{CB5D467F-9A4F-462E-BFC8-CE18D7076BDF}.Release|x86.ActiveCfg = Release|Any CPU
		{CB5D467F-9A4F-462E-BFC8-CE18D7076BDF}.Release|x86.Build.0 = Release|Any CPU
		{CB5D467F-9A4F-462E-BFC8-CE18D7076BDF}.Release|x86.Deploy.0 = Release|Any CPU
		{5822ED24-503A-417E-97B1-36FE57C46869}.Debug|Any CPU.ActiveCfg = Debug|iPhone
		{5822ED24-503A-417E-97B1-36FE57C46869}.Debug|ARM.ActiveCfg = Debug|iPhone
		{5822ED24-503A-417E-97B1-36FE57C46869}.Debug|iPhone.ActiveCfg = Debug|iPhone
		{5822ED24-503A-417E-97B1-36FE57C46869}.Debug|iPhone.Build.0 = Debug|iPhone
		{5822ED24-503A-417E-97B1-36FE57C46869}.Debug|iPhoneSimulator.ActiveCfg = Debug|iPhoneSimulator
		{5822ED24-503A-417E-97B1-36FE57C46869}.Debug|iPhoneSimulator.Build.0 = Debug|iPhoneSimulator
		{5822ED24-503A-417E-97B1-36FE57C46869}.Debug|x64.ActiveCfg = Debug|iPhone
		{5822ED24-503A-417E-97B1-36FE57C46869}.Debug|x86.ActiveCfg = Debug|iPhone
		{5822ED24-503A-417E-97B1-36FE57C46869}.Release|Any CPU.ActiveCfg = Release|iPhone
		{5822ED24-503A-417E-97B1-36FE57C46869}.Release|ARM.ActiveCfg = Release|iPhone
		{5822ED24-503A-417E-97B1-36FE57C46869}.Release|iPhone.ActiveCfg = Release|iPhone
		{5822ED24-503A-417E-97B1-36FE57C46869}.Release|iPhone.Build.0 = Release|iPhone
		{5822ED24-503A-417E-97B1-36FE57C46869}.Release|iPhoneSimulator.ActiveCfg = Release|iPhoneSimulator
		{5822ED24-503A-417E-97B1-36FE57C46869}.Release|iPhoneSimulator.Build.0 = Release|iPhoneSimulator
		{5822ED24-503A-417E-97B1-36FE57C46869}.Release|x64.ActiveCfg = Release|iPhone
		{5822ED24-503A-417E-97B1-36FE57C46869}.Release|x86.ActiveCfg = Release|iPhone
		{944274E3-EB6C-4D3A-B779-4F2EFE0B3350}.Debug|Any CPU.ActiveCfg = Debug|Any CPU
		{944274E3-EB6C-4D3A-B779-4F2EFE0B3350}.Debug|Any CPU.Build.0 = Debug|Any CPU
		{944274E3-EB6C-4D3A-B779-4F2EFE0B3350}.Debug|ARM.ActiveCfg = Debug|Any CPU
		{944274E3-EB6C-4D3A-B779-4F2EFE0B3350}.Debug|ARM.Build.0 = Debug|Any CPU
		{944274E3-EB6C-4D3A-B779-4F2EFE0B3350}.Debug|iPhone.ActiveCfg = Debug|Any CPU
		{944274E3-EB6C-4D3A-B779-4F2EFE0B3350}.Debug|iPhone.Build.0 = Debug|Any CPU
		{944274E3-EB6C-4D3A-B779-4F2EFE0B3350}.Debug|iPhoneSimulator.ActiveCfg = Debug|Any CPU
		{944274E3-EB6C-4D3A-B779-4F2EFE0B3350}.Debug|iPhoneSimulator.Build.0 = Debug|Any CPU
		{944274E3-EB6C-4D3A-B779-4F2EFE0B3350}.Debug|x64.ActiveCfg = Debug|Any CPU
		{944274E3-EB6C-4D3A-B779-4F2EFE0B3350}.Debug|x64.Build.0 = Debug|Any CPU
		{944274E3-EB6C-4D3A-B779-4F2EFE0B3350}.Debug|x86.ActiveCfg = Debug|Any CPU
		{944274E3-EB6C-4D3A-B779-4F2EFE0B3350}.Debug|x86.Build.0 = Debug|Any CPU
		{944274E3-EB6C-4D3A-B779-4F2EFE0B3350}.Release|Any CPU.ActiveCfg = Release|Any CPU
		{944274E3-EB6C-4D3A-B779-4F2EFE0B3350}.Release|Any CPU.Build.0 = Release|Any CPU
		{944274E3-EB6C-4D3A-B779-4F2EFE0B3350}.Release|ARM.ActiveCfg = Release|Any CPU
		{944274E3-EB6C-4D3A-B779-4F2EFE0B3350}.Release|ARM.Build.0 = Release|Any CPU
		{944274E3-EB6C-4D3A-B779-4F2EFE0B3350}.Release|iPhone.ActiveCfg = Release|Any CPU
		{944274E3-EB6C-4D3A-B779-4F2EFE0B3350}.Release|iPhone.Build.0 = Release|Any CPU
		{944274E3-EB6C-4D3A-B779-4F2EFE0B3350}.Release|iPhoneSimulator.ActiveCfg = Release|Any CPU
		{944274E3-EB6C-4D3A-B779-4F2EFE0B3350}.Release|iPhoneSimulator.Build.0 = Release|Any CPU
		{944274E3-EB6C-4D3A-B779-4F2EFE0B3350}.Release|x64.ActiveCfg = Release|Any CPU
		{944274E3-EB6C-4D3A-B779-4F2EFE0B3350}.Release|x64.Build.0 = Release|Any CPU
		{944274E3-EB6C-4D3A-B779-4F2EFE0B3350}.Release|x86.ActiveCfg = Release|Any CPU
		{944274E3-EB6C-4D3A-B779-4F2EFE0B3350}.Release|x86.Build.0 = Release|Any CPU
		{A49ECB54-A3EC-4799-AE83-CB7FEC2A49FE}.Debug|Any CPU.ActiveCfg = Debug|Any CPU
		{A49ECB54-A3EC-4799-AE83-CB7FEC2A49FE}.Debug|Any CPU.Build.0 = Debug|Any CPU
		{A49ECB54-A3EC-4799-AE83-CB7FEC2A49FE}.Debug|ARM.ActiveCfg = Debug|Any CPU
		{A49ECB54-A3EC-4799-AE83-CB7FEC2A49FE}.Debug|ARM.Build.0 = Debug|Any CPU
		{A49ECB54-A3EC-4799-AE83-CB7FEC2A49FE}.Debug|iPhone.ActiveCfg = Debug|Any CPU
		{A49ECB54-A3EC-4799-AE83-CB7FEC2A49FE}.Debug|iPhone.Build.0 = Debug|Any CPU
		{A49ECB54-A3EC-4799-AE83-CB7FEC2A49FE}.Debug|iPhoneSimulator.ActiveCfg = Debug|Any CPU
		{A49ECB54-A3EC-4799-AE83-CB7FEC2A49FE}.Debug|iPhoneSimulator.Build.0 = Debug|Any CPU
		{A49ECB54-A3EC-4799-AE83-CB7FEC2A49FE}.Debug|x64.ActiveCfg = Debug|Any CPU
		{A49ECB54-A3EC-4799-AE83-CB7FEC2A49FE}.Debug|x64.Build.0 = Debug|Any CPU
		{A49ECB54-A3EC-4799-AE83-CB7FEC2A49FE}.Debug|x86.ActiveCfg = Debug|Any CPU
		{A49ECB54-A3EC-4799-AE83-CB7FEC2A49FE}.Debug|x86.Build.0 = Debug|Any CPU
		{A49ECB54-A3EC-4799-AE83-CB7FEC2A49FE}.Release|Any CPU.ActiveCfg = Release|Any CPU
		{A49ECB54-A3EC-4799-AE83-CB7FEC2A49FE}.Release|Any CPU.Build.0 = Release|Any CPU
		{A49ECB54-A3EC-4799-AE83-CB7FEC2A49FE}.Release|ARM.ActiveCfg = Release|Any CPU
		{A49ECB54-A3EC-4799-AE83-CB7FEC2A49FE}.Release|ARM.Build.0 = Release|Any CPU
		{A49ECB54-A3EC-4799-AE83-CB7FEC2A49FE}.Release|iPhone.ActiveCfg = Release|Any CPU
		{A49ECB54-A3EC-4799-AE83-CB7FEC2A49FE}.Release|iPhone.Build.0 = Release|Any CPU
		{A49ECB54-A3EC-4799-AE83-CB7FEC2A49FE}.Release|iPhoneSimulator.ActiveCfg = Release|Any CPU
		{A49ECB54-A3EC-4799-AE83-CB7FEC2A49FE}.Release|iPhoneSimulator.Build.0 = Release|Any CPU
		{A49ECB54-A3EC-4799-AE83-CB7FEC2A49FE}.Release|x64.ActiveCfg = Release|Any CPU
		{A49ECB54-A3EC-4799-AE83-CB7FEC2A49FE}.Release|x64.Build.0 = Release|Any CPU
		{A49ECB54-A3EC-4799-AE83-CB7FEC2A49FE}.Release|x86.ActiveCfg = Release|Any CPU
		{A49ECB54-A3EC-4799-AE83-CB7FEC2A49FE}.Release|x86.Build.0 = Release|Any CPU
		{56605DBF-92BB-452C-8846-A2ACF2541E67}.Debug|Any CPU.ActiveCfg = Debug|Any CPU
		{56605DBF-92BB-452C-8846-A2ACF2541E67}.Debug|Any CPU.Build.0 = Debug|Any CPU
		{56605DBF-92BB-452C-8846-A2ACF2541E67}.Debug|ARM.ActiveCfg = Debug|Any CPU
		{56605DBF-92BB-452C-8846-A2ACF2541E67}.Debug|ARM.Build.0 = Debug|Any CPU
		{56605DBF-92BB-452C-8846-A2ACF2541E67}.Debug|iPhone.ActiveCfg = Debug|Any CPU
		{56605DBF-92BB-452C-8846-A2ACF2541E67}.Debug|iPhone.Build.0 = Debug|Any CPU
		{56605DBF-92BB-452C-8846-A2ACF2541E67}.Debug|iPhoneSimulator.ActiveCfg = Debug|Any CPU
		{56605DBF-92BB-452C-8846-A2ACF2541E67}.Debug|iPhoneSimulator.Build.0 = Debug|Any CPU
		{56605DBF-92BB-452C-8846-A2ACF2541E67}.Debug|x64.ActiveCfg = Debug|Any CPU
		{56605DBF-92BB-452C-8846-A2ACF2541E67}.Debug|x64.Build.0 = Debug|Any CPU
		{56605DBF-92BB-452C-8846-A2ACF2541E67}.Debug|x86.ActiveCfg = Debug|Any CPU
		{56605DBF-92BB-452C-8846-A2ACF2541E67}.Debug|x86.Build.0 = Debug|Any CPU
		{56605DBF-92BB-452C-8846-A2ACF2541E67}.Release|Any CPU.ActiveCfg = Release|Any CPU
		{56605DBF-92BB-452C-8846-A2ACF2541E67}.Release|Any CPU.Build.0 = Release|Any CPU
		{56605DBF-92BB-452C-8846-A2ACF2541E67}.Release|ARM.ActiveCfg = Release|Any CPU
		{56605DBF-92BB-452C-8846-A2ACF2541E67}.Release|ARM.Build.0 = Release|Any CPU
		{56605DBF-92BB-452C-8846-A2ACF2541E67}.Release|iPhone.ActiveCfg = Release|Any CPU
		{56605DBF-92BB-452C-8846-A2ACF2541E67}.Release|iPhone.Build.0 = Release|Any CPU
		{56605DBF-92BB-452C-8846-A2ACF2541E67}.Release|iPhoneSimulator.ActiveCfg = Release|Any CPU
		{56605DBF-92BB-452C-8846-A2ACF2541E67}.Release|iPhoneSimulator.Build.0 = Release|Any CPU
		{56605DBF-92BB-452C-8846-A2ACF2541E67}.Release|x64.ActiveCfg = Release|Any CPU
		{56605DBF-92BB-452C-8846-A2ACF2541E67}.Release|x64.Build.0 = Release|Any CPU
		{56605DBF-92BB-452C-8846-A2ACF2541E67}.Release|x86.ActiveCfg = Release|Any CPU
		{56605DBF-92BB-452C-8846-A2ACF2541E67}.Release|x86.Build.0 = Release|Any CPU
		{E1DE93E6-C4B4-44D0-87DE-B10E9F5930EC}.Debug|Any CPU.ActiveCfg = Debug|Any CPU
		{E1DE93E6-C4B4-44D0-87DE-B10E9F5930EC}.Debug|Any CPU.Build.0 = Debug|Any CPU
		{E1DE93E6-C4B4-44D0-87DE-B10E9F5930EC}.Debug|ARM.ActiveCfg = Debug|Any CPU
		{E1DE93E6-C4B4-44D0-87DE-B10E9F5930EC}.Debug|ARM.Build.0 = Debug|Any CPU
		{E1DE93E6-C4B4-44D0-87DE-B10E9F5930EC}.Debug|iPhone.ActiveCfg = Debug|Any CPU
		{E1DE93E6-C4B4-44D0-87DE-B10E9F5930EC}.Debug|iPhone.Build.0 = Debug|Any CPU
		{E1DE93E6-C4B4-44D0-87DE-B10E9F5930EC}.Debug|iPhoneSimulator.ActiveCfg = Debug|Any CPU
		{E1DE93E6-C4B4-44D0-87DE-B10E9F5930EC}.Debug|iPhoneSimulator.Build.0 = Debug|Any CPU
		{E1DE93E6-C4B4-44D0-87DE-B10E9F5930EC}.Debug|x64.ActiveCfg = Debug|Any CPU
		{E1DE93E6-C4B4-44D0-87DE-B10E9F5930EC}.Debug|x64.Build.0 = Debug|Any CPU
		{E1DE93E6-C4B4-44D0-87DE-B10E9F5930EC}.Debug|x86.ActiveCfg = Debug|Any CPU
		{E1DE93E6-C4B4-44D0-87DE-B10E9F5930EC}.Debug|x86.Build.0 = Debug|Any CPU
		{E1DE93E6-C4B4-44D0-87DE-B10E9F5930EC}.Release|Any CPU.ActiveCfg = Release|Any CPU
		{E1DE93E6-C4B4-44D0-87DE-B10E9F5930EC}.Release|Any CPU.Build.0 = Release|Any CPU
		{E1DE93E6-C4B4-44D0-87DE-B10E9F5930EC}.Release|ARM.ActiveCfg = Release|Any CPU
		{E1DE93E6-C4B4-44D0-87DE-B10E9F5930EC}.Release|ARM.Build.0 = Release|Any CPU
		{E1DE93E6-C4B4-44D0-87DE-B10E9F5930EC}.Release|iPhone.ActiveCfg = Release|Any CPU
		{E1DE93E6-C4B4-44D0-87DE-B10E9F5930EC}.Release|iPhone.Build.0 = Release|Any CPU
		{E1DE93E6-C4B4-44D0-87DE-B10E9F5930EC}.Release|iPhoneSimulator.ActiveCfg = Release|Any CPU
		{E1DE93E6-C4B4-44D0-87DE-B10E9F5930EC}.Release|iPhoneSimulator.Build.0 = Release|Any CPU
		{E1DE93E6-C4B4-44D0-87DE-B10E9F5930EC}.Release|x64.ActiveCfg = Release|Any CPU
		{E1DE93E6-C4B4-44D0-87DE-B10E9F5930EC}.Release|x64.Build.0 = Release|Any CPU
		{E1DE93E6-C4B4-44D0-87DE-B10E9F5930EC}.Release|x86.ActiveCfg = Release|Any CPU
		{E1DE93E6-C4B4-44D0-87DE-B10E9F5930EC}.Release|x86.Build.0 = Release|Any CPU
	EndGlobalSection
	GlobalSection(SolutionProperties) = preSolution
		HideSolutionNode = FALSE
	EndGlobalSection
	GlobalSection(ExtensibilityGlobals) = postSolution
		SolutionGuid = {B66A976A-D0CF-4EDA-9D49-B6DA122E404C}
	EndGlobalSection
EndGlobal
